
Microsoft Visual Studio Solution File, Format Version 12.00
# Visual Studio Version 17
VisualStudioVersion = 17.4.33205.214
MinimumVisualStudioVersion = 10.0.40219.1
Project("{F184B08F-C81C-45F6-A57F-5ABD9991F28F}") = "schoolhecker-real", "schoolhecker-real\schoolhecker-real.vbproj", "{DD27084D-6F93-44E1-807C-37CB049CE33A}"
EndProject
Global
	GlobalSection(SolutionConfigurationPlatforms) = preSolution
		Debug|Any CPU = Debug|Any CPU
		Release|Any CPU = Release|Any CPU
	EndGlobalSection
	GlobalSection(ProjectConfigurationPlatforms) = postSolution
		{DD27084D-6F93-44E1-807C-37CB049CE33A}.Debug|Any CPU.ActiveCfg = Debug|Any CPU
		{DD27084D-6F93-44E1-807C-37CB049CE33A}.Debug|Any CPU.Build.0 = Debug|Any CPU
		{DD27084D-6F93-44E1-807C-37CB049CE33A}.Release|Any CPU.ActiveCfg = Release|Any CPU
		{DD27084D-6F93-44E1-807C-37CB049CE33A}.Release|Any CPU.Build.0 = Release|Any CPU
	EndGlobalSection
	GlobalSection(SolutionProperties) = preSolution
		HideSolutionNode = FALSE
	EndGlobalSection
	GlobalSection(ExtensibilityGlobals) = postSolution
		SolutionGuid = {B2E6E082-29BB-4917-AFE5-6B5F8550C94A}
	EndGlobalSection
EndGlobal
